
Microsoft Visual Studio Solution File, Format Version 12.00
# Visual Studio Version 17
VisualStudioVersion = 17.7.34221.43
MinimumVisualStudioVersion = 10.0.40219.1
Project("{FAE04EC0-301F-11D3-BF4B-00C04F79EFBC}") = "FirstTask", "FirstTask.csproj", "{65BF473B-4C8F-4C29-B569-D5B46584C8CB}"
EndProject
Global
	GlobalSection(SolutionConfigurationPlatforms) = preSolution
		Debug|Any CPU = Debug|Any CPU
		Release|Any CPU = Release|Any CPU
	EndGlobalSection
	GlobalSection(ProjectConfigurationPlatforms) = postSolution
		{65BF473B-4C8F-4C29-B569-D5B46584C8CB}.Debug|Any CPU.ActiveCfg = Debug|Any CPU
		{65BF473B-4C8F-4C29-B569-D5B46584C8CB}.Debug|Any CPU.Build.0 = Debug|Any CPU
		{65BF473B-4C8F-4C29-B569-D5B46584C8CB}.Release|Any CPU.ActiveCfg = Release|Any CPU
		{65BF473B-4C8F-4C29-B569-D5B46584C8CB}.Release|Any CPU.Build.0 = Release|Any CPU
	EndGlobalSection
	GlobalSection(SolutionProperties) = preSolution
		HideSolutionNode = FALSE
	EndGlobalSection
	GlobalSection(ExtensibilityGlobals) = postSolution
		SolutionGuid = {FF3691B9-6C80-444F-BE30-7D63B08A3C2D}
	EndGlobalSection
EndGlobal
